
Microsoft Visual Studio Solution File, Format Version 12.00
# Visual Studio Version 17
VisualStudioVersion = 17.10.35004.147
MinimumVisualStudioVersion = 10.0.40219.1
Project("{FAE04EC0-301F-11D3-BF4B-00C04F79EFBC}") = "hw_05_09_2024", "hw_05_09_2024\hw_05_09_2024.csproj", "{1E60B69A-04A3-48CF-9386-67602B5FA2AE}"
EndProject
Global
	GlobalSection(SolutionConfigurationPlatforms) = preSolution
		Debug|Any CPU = Debug|Any CPU
		Release|Any CPU = Release|Any CPU
	EndGlobalSection
	GlobalSection(ProjectConfigurationPlatforms) = postSolution
		{1E60B69A-04A3-48CF-9386-67602B5FA2AE}.Debug|Any CPU.ActiveCfg = Debug|Any CPU
		{1E60B69A-04A3-48CF-9386-67602B5FA2AE}.Debug|Any CPU.Build.0 = Debug|Any CPU
		{1E60B69A-04A3-48CF-9386-67602B5FA2AE}.Release|Any CPU.ActiveCfg = Release|Any CPU
		{1E60B69A-04A3-48CF-9386-67602B5FA2AE}.Release|Any CPU.Build.0 = Release|Any CPU
	EndGlobalSection
	GlobalSection(SolutionProperties) = preSolution
		HideSolutionNode = FALSE
	EndGlobalSection
	GlobalSection(ExtensibilityGlobals) = postSolution
		SolutionGuid = {480D2038-A43B-4528-A836-7825F285C523}
	EndGlobalSection
EndGlobal
